
Microsoft Visual Studio Solution File, Format Version 12.00
# Visual Studio Version 17
VisualStudioVersion = 17.0.31903.59
MinimumVisualStudioVersion = 10.0.40219.1
Project("{2150E333-8FDC-42A3-9474-1A3956D46DE8}") = "src", "src", "{379678D6-4E5C-4F01-84FB-3CB6137FCF37}"
EndProject
Project("{FAE04EC0-301F-11D3-BF4B-00C04F79EFBC}") = "LocalBack.Core", "src\LocalBack.Core\LocalBack.Core.csproj", "{094EDF7D-0C97-4F95-A7FC-1EA359F23222}"
EndProject
Project("{FAE04EC0-301F-11D3-BF4B-00C04F79EFBC}") = "LocalBack.Cli", "src\LocalBack.Cli\LocalBack.Cli.csproj", "{6B251C77-32F4-4B7D-9FA6-FCE109CD5AE4}"
EndProject
Project("{FAE04EC0-301F-11D3-BF4B-00C04F79EFBC}") = "LocalBack.App", "src\LocalBack.App\LocalBack.App.csproj", "{5D3E2A61-7B8C-4E0F-9A1D-2C4B6E8F0A13}"
EndProject
Project("{2150E333-8FDC-42A3-9474-1A3956D46DE8}") = "tests", "tests", "{F6DB860C-5885-4447-B723-A8D570E8F642}"
EndProject
Project("{FAE04EC0-301F-11D3-BF4B-00C04F79EFBC}") = "LocalBack.Core.Tests", "tests\LocalBack.Core.Tests\LocalBack.Core.Tests.csproj", "{4318AC3B-FACF-4480-A508-69E3AA95B9EE}"
EndProject
Global
	GlobalSection(SolutionConfigurationPlatforms) = preSolution
		Debug|Any CPU = Debug|Any CPU
		Release|Any CPU = Release|Any CPU
	EndGlobalSection
	GlobalSection(SolutionProperties) = preSolution
		HideSolutionNode = FALSE
	EndGlobalSection
	GlobalSection(ProjectConfigurationPlatforms) = postSolution
		{094EDF7D-0C97-4F95-A7FC-1EA359F23222}.Debug|Any CPU.ActiveCfg = Debug|Any CPU
		{094EDF7D-0C97-4F95-A7FC-1EA359F23222}.Debug|Any CPU.Build.0 = Debug|Any CPU
		{094EDF7D-0C97-4F95-A7FC-1EA359F23222}.Release|Any CPU.ActiveCfg = Release|Any CPU
		{094EDF7D-0C97-4F95-A7FC-1EA359F23222}.Release|Any CPU.Build.0 = Release|Any CPU
		{6B251C77-32F4-4B7D-9FA6-FCE109CD5AE4}.Debug|Any CPU.ActiveCfg = Debug|Any CPU
		{6B251C77-32F4-4B7D-9FA6-FCE109CD5AE4}.Debug|Any CPU.Build.0 = Debug|Any CPU
		{6B251C77-32F4-4B7D-9FA6-FCE109CD5AE4}.Release|Any CPU.ActiveCfg = Release|Any CPU
		{6B251C77-32F4-4B7D-9FA6-FCE109CD5AE4}.Release|Any CPU.Build.0 = Release|Any CPU
		{4318AC3B-FACF-4480-A508-69E3AA95B9EE}.Debug|Any CPU.ActiveCfg = Debug|Any CPU
		{4318AC3B-FACF-4480-A508-69E3AA95B9EE}.Debug|Any CPU.Build.0 = Debug|Any CPU
		{4318AC3B-FACF-4480-A508-69E3AA95B9EE}.Release|Any CPU.ActiveCfg = Release|Any CPU
		{4318AC3B-FACF-4480-A508-69E3AA95B9EE}.Release|Any CPU.Build.0 = Release|Any CPU
		{5D3E2A61-7B8C-4E0F-9A1D-2C4B6E8F0A13}.Debug|Any CPU.ActiveCfg = Debug|Any CPU
		{5D3E2A61-7B8C-4E0F-9A1D-2C4B6E8F0A13}.Debug|Any CPU.Build.0 = Debug|Any CPU
		{5D3E2A61-7B8C-4E0F-9A1D-2C4B6E8F0A13}.Release|Any CPU.ActiveCfg = Release|Any CPU
		{5D3E2A61-7B8C-4E0F-9A1D-2C4B6E8F0A13}.Release|Any CPU.Build.0 = Release|Any CPU
	EndGlobalSection
	GlobalSection(NestedProjects) = preSolution
		{5D3E2A61-7B8C-4E0F-9A1D-2C4B6E8F0A13} = {379678D6-4E5C-4F01-84FB-3CB6137FCF37}
		{094EDF7D-0C97-4F95-A7FC-1EA359F23222} = {379678D6-4E5C-4F01-84FB-3CB6137FCF37}
		{6B251C77-32F4-4B7D-9FA6-FCE109CD5AE4} = {379678D6-4E5C-4F01-84FB-3CB6137FCF37}
		{4318AC3B-FACF-4480-A508-69E3AA95B9EE} = {F6DB860C-5885-4447-B723-A8D570E8F642}
	EndGlobalSection
EndGlobal
